
Microsoft Visual Studio Solution File, Format Version 12.00
# Visual Studio 15
Project("{FAE04EC0-301F-11D3-BF4B-00C04F79EFBC}") = "Etch.OrchardCore.UserProfiles", "Etch.OrchardCore.UserProfiles.csproj", "{5113EFA4-17F7-47A7-A022-7B59920BA504}"
EndProject
Global
	GlobalSection(SolutionConfigurationPlatforms) = preSolution
		Debug|Any CPU = Debug|Any CPU
		Release|Any CPU = Release|Any CPU
	EndGlobalSection
	GlobalSection(ProjectConfigurationPlatforms) = postSolution
		{5113EFA4-17F7-47A7-A022-7B59920BA504}.Debug|Any CPU.ActiveCfg = Debug|Any CPU
		{5113EFA4-17F7-47A7-A022-7B59920BA504}.Debug|Any CPU.Build.0 = Debug|Any CPU
		{5113EFA4-17F7-47A7-A022-7B59920BA504}.Release|Any CPU.ActiveCfg = Release|Any CPU
		{5113EFA4-17F7-47A7-A022-7B59920BA504}.Release|Any CPU.Build.0 = Release|Any CPU
	EndGlobalSection
EndGlobal
